
Microsoft Visual Studio Solution File, Format Version 12.00
# Visual Studio Version 16
VisualStudioVersion = 16.0.32106.194
MinimumVisualStudioVersion = 10.0.40219.1
Project("{FAE04EC0-301F-11D3-BF4B-00C04F79EFBC}") = "ColegioApp", "ColeggioApp\ColegioApp.csproj", "{9328F493-2FF9-4D97-8363-E7D776F5729A}"
EndProject
Global
	GlobalSection(SolutionConfigurationPlatforms) = preSolution
		Debug|Any CPU = Debug|Any CPU
		Release|Any CPU = Release|Any CPU
	EndGlobalSection
	GlobalSection(ProjectConfigurationPlatforms) = postSolution
		{9328F493-2FF9-4D97-8363-E7D776F5729A}.Debug|Any CPU.ActiveCfg = Debug|Any CPU
		{9328F493-2FF9-4D97-8363-E7D776F5729A}.Debug|Any CPU.Build.0 = Debug|Any CPU
		{9328F493-2FF9-4D97-8363-E7D776F5729A}.Release|Any CPU.ActiveCfg = Release|Any CPU
		{9328F493-2FF9-4D97-8363-E7D776F5729A}.Release|Any CPU.Build.0 = Release|Any CPU
	EndGlobalSection
	GlobalSection(SolutionProperties) = preSolution
		HideSolutionNode = FALSE
	EndGlobalSection
	GlobalSection(ExtensibilityGlobals) = postSolution
		SolutionGuid = {23547FB8-CC3D-47C1-AE6A-C63E608D101B}
	EndGlobalSection
EndGlobal
